<?xml version="1.0" encoding="UTF-8" standalone="yes" ?>
<CodeBlocks_project_file>
	<FileVersion major="1" minor="6" />
	<Project>
		<Option title="pathfindingVisualizer" />
		<Option pch_mode="2" />
		<Option compiler="gcc" />
		<Build>
			<Target title="Debug">
				<Option output="bin/Debug/pathfindingVisualizer" prefix_auto="1" extension_auto="1" />
				<Option object_output="obj/Debug/" />
				<Option type="1" />
				<Option compiler="gcc" />
				<Compiler>
					<Add option="-g" />
				</Compiler>
				<Linker>
					<Add option="-pthread" />
					<Add option="-lGL" />
					<Add library="sfml-graphics" />
					<Add library="sfml-window" />
					<Add library="sfml-system" />
				</Linker>
			</Target>
			<Target title="Release">
				<Option output="bin/Release/pathfindingVisualizer" prefix_auto="1" extension_auto="1" />
				<Option object_output="obj/Release/" />
				<Option type="0" />
				<Option compiler="gcc" />
				<Compiler>
					<Add option="-O2" />
				</Compiler>
				<Linker>
					<Add option="-s" />
					<Add option="-pthread" />
					<Add option="-lGL" />
					<Add library="sfml-graphics" />
					<Add library="sfml-window" />
					<Add library="sfml-system" />
				</Linker>
			</Target>
		</Build>
		<Compiler>
			<Add option="-Wall" />
			<Add directory="src/libraries/imgui" />
		</Compiler>
		<Linker>
			<Add directory="src/libraries/imgui" />
		</Linker>
		<Unit filename="cb.bmp" />
		<Unit filename="src/Algorithms/Others/DSU.cpp" />
		<Unit filename="src/Algorithms/Others/DSU.h" />
		<Unit filename="src/Algorithms/Others/costNode.h" />
		<Unit filename="src/Algorithms/Others/drawPath.cpp" />
		<Unit filename="src/Algorithms/Others/drawPath.h" />
		<Unit filename="src/Algorithms/Others/generateFrame.cpp" />
		<Unit filename="src/Algorithms/Others/generateFrame.h" />
		<Unit filename="src/Algorithms/Pathfinding/BFS.cpp" />
		<Unit filename="src/Algorithms/Pathfinding/DFS.cpp" />
		<Unit filename="src/Algorithms/Pathfinding/aStar.cpp" />
		<Unit filename="src/Algorithms/Pathfinding/visualizePathfinding.cpp" />
		<Unit filename="src/Algorithms/Pathfinding/visualizePathfinding.h" />
		<Unit filename="src/Algorithms/PatternGeneration/kruskal.cpp" />
		<Unit filename="src/Algorithms/PatternGeneration/prim.cpp" />
		<Unit filename="src/Algorithms/PatternGeneration/spiral.cpp" />
		<Unit filename="src/Algorithms/PatternGeneration/visualizePattern.cpp" />
		<Unit filename="src/Algorithms/PatternGeneration/visualizePattern.h" />
		<Unit filename="src/GUI.cpp" />
		<Unit filename="src/GUI.h" />
		<Unit filename="src/Grid/Grid.cpp" />
		<Unit filename="src/Grid/Grid.h" />
		<Unit filename="src/Grid/Tile.cpp" />
		<Unit filename="src/Grid/Tile.h" />
		<Unit filename="src/Grid/Vector2.cpp" />
		<Unit filename="src/Grid/Vector2.h" />
		<Unit filename="src/config.h" />
		<Unit filename="src/libraries/imgui/imconfig-SFML.h" />
		<Unit filename="src/libraries/imgui/imconfig.h" />
		<Unit filename="src/libraries/imgui/imgui-SFML.cpp" />
		<Unit filename="src/libraries/imgui/imgui-SFML.h" />
		<Unit filename="src/libraries/imgui/imgui-SFML_export.h" />
		<Unit filename="src/libraries/imgui/imgui.cpp" />
		<Unit filename="src/libraries/imgui/imgui.h" />
		<Unit filename="src/libraries/imgui/imgui_demo.cpp" />
		<Unit filename="src/libraries/imgui/imgui_draw.cpp" />
		<Unit filename="src/libraries/imgui/imgui_internal.h" />
		<Unit filename="src/libraries/imgui/imgui_tables.cpp" />
		<Unit filename="src/libraries/imgui/imgui_widgets.cpp" />
		<Unit filename="src/libraries/imgui/imstb_rectpack.h" />
		<Unit filename="src/libraries/imgui/imstb_textedit.h" />
		<Unit filename="src/libraries/imgui/imstb_truetype.h" />
		<Unit filename="src/main.cpp" />
		<Unit filename="src/mouseEventHandler.cpp" />
		<Unit filename="src/mouseEventHandler.h" />
		<Unit filename="src/render.cpp" />
		<Unit filename="src/render.h" />
		<Extensions />
	</Project>
</CodeBlocks_project_file>
